
Microsoft Visual Studio Solution File, Format Version 12.00
# Visual Studio 14
VisualStudioVersion = 14.0.24720.0
MinimumVisualStudioVersion = 10.0.40219.1
Project("{FAE04EC0-301F-11D3-BF4B-00C04F79EFBC}") = "PublicTools", "PublicTools\PublicTools.csproj", "{9FA64DEC-9AA6-4077-9BFF-64079A43249B}"
EndProject
Project("{8BC9CEB8-8B4A-11D0-8D11-00A0C91BC942}") = "MPConvert", "MPConvert\MPConvert.vcxproj", "{614D4C8D-870F-4F7B-8A48-297B6B455DE8}"
EndProject
Global
	GlobalSection(SolutionConfigurationPlatforms) = preSolution
		Debug|Any CPU = Debug|Any CPU
		Debug|x86 = Debug|x86
		Release|Any CPU = Release|Any CPU
		Release|x86 = Release|x86
	EndGlobalSection
	GlobalSection(ProjectConfigurationPlatforms) = postSolution
		{9FA64DEC-9AA6-4077-9BFF-64079A43249B}.Debug|Any CPU.ActiveCfg = Debug|Any CPU
		{9FA64DEC-9AA6-4077-9BFF-64079A43249B}.Debug|Any CPU.Build.0 = Debug|Any CPU
		{9FA64DEC-9AA6-4077-9BFF-64079A43249B}.Debug|x86.ActiveCfg = Debug|Any CPU
		{9FA64DEC-9AA6-4077-9BFF-64079A43249B}.Debug|x86.Build.0 = Debug|Any CPU
		{9FA64DEC-9AA6-4077-9BFF-64079A43249B}.Release|Any CPU.ActiveCfg = Release|Any CPU
		{9FA64DEC-9AA6-4077-9BFF-64079A43249B}.Release|Any CPU.Build.0 = Release|Any CPU
		{9FA64DEC-9AA6-4077-9BFF-64079A43249B}.Release|x86.ActiveCfg = Release|Any CPU
		{9FA64DEC-9AA6-4077-9BFF-64079A43249B}.Release|x86.Build.0 = Release|Any CPU
		{614D4C8D-870F-4F7B-8A48-297B6B455DE8}.Debug|Any CPU.ActiveCfg = Debug|Win32
		{614D4C8D-870F-4F7B-8A48-297B6B455DE8}.Debug|x86.ActiveCfg = Debug|Win32
		{614D4C8D-870F-4F7B-8A48-297B6B455DE8}.Debug|x86.Build.0 = Debug|Win32
		{614D4C8D-870F-4F7B-8A48-297B6B455DE8}.Release|Any CPU.ActiveCfg = Release|Win32
		{614D4C8D-870F-4F7B-8A48-297B6B455DE8}.Release|x86.ActiveCfg = Release|Win32
		{614D4C8D-870F-4F7B-8A48-297B6B455DE8}.Release|x86.Build.0 = Release|Win32
	EndGlobalSection
	GlobalSection(SolutionProperties) = preSolution
		HideSolutionNode = FALSE
	EndGlobalSection
EndGlobal
