
Microsoft Visual Studio Solution File, Format Version 12.00
# Visual Studio 2012
Project("{FAE04EC0-301F-11D3-BF4B-00C04F79EFBC}") = "PublicTools", "PublicTools\PublicTools.csproj", "{9FA64DEC-9AA6-4077-9BFF-64079A43249B}"
EndProject
Global
	GlobalSection(SolutionConfigurationPlatforms) = preSolution
		Debug|Any CPU = Debug|Any CPU
		Release|Any CPU = Release|Any CPU
	EndGlobalSection
	GlobalSection(ProjectConfigurationPlatforms) = postSolution
		{9FA64DEC-9AA6-4077-9BFF-64079A43249B}.Debug|Any CPU.ActiveCfg = Debug|Any CPU
		{9FA64DEC-9AA6-4077-9BFF-64079A43249B}.Debug|Any CPU.Build.0 = Debug|Any CPU
		{9FA64DEC-9AA6-4077-9BFF-64079A43249B}.Release|Any CPU.ActiveCfg = Release|Any CPU
		{9FA64DEC-9AA6-4077-9BFF-64079A43249B}.Release|Any CPU.Build.0 = Release|Any CPU
	EndGlobalSection
	GlobalSection(SolutionProperties) = preSolution
		HideSolutionNode = FALSE
	EndGlobalSection
EndGlobal
